# This file is automatically @generated by Cargo.
# It is not intended for manual editing.
version = 3

[[package]]
name = "monch_io"
version = "0.1.0"

[[package]]
name = "monch_shell"
version = "0.1.0"

[[package]]
name = "monch_syntax"
version = "0.1.0"

[[package]]
name = "monch_util_ls"
version = "0.1.0"
